// !$*UTF8*$!
{
	archiveVersion = 1;
	classes = {
	};
	objectVersion = 56;
	objects = {

/* Begin PBXBuildFile section */
		040F35A32BBE9BD8004CBC97 /* Calendar+ext.swift in Sources */ = {isa = PBXBuildFile; fileRef = 040F35A22BBE9BD8004CBC97 /* Calendar+ext.swift */; };
		040F35A52BBEA584004CBC97 /* UINotificationCenter+service.swift in Sources */ = {isa = PBXBuildFile; fileRef = 040F35A42BBEA584004CBC97 /* UINotificationCenter+service.swift */; };
		0430F9D82BBC4BF300C92A14 /* AppDelegate.swift in Sources */ = {isa = PBXBuildFile; fileRef = 0430F9D72BBC4BF300C92A14 /* AppDelegate.swift */; };
		0430F9DA2BBC4BF300C92A14 /* SceneDelegate.swift in Sources */ = {isa = PBXBuildFile; fileRef = 0430F9D92BBC4BF300C92A14 /* SceneDelegate.swift */; };
		0430F9DC2BBC4BF300C92A14 /* MainViewController.swift in Sources */ = {isa = PBXBuildFile; fileRef = 0430F9DB2BBC4BF300C92A14 /* MainViewController.swift */; };
		0430F9E12BBC4BF700C92A14 /* Assets.xcassets in Resources */ = {isa = PBXBuildFile; fileRef = 0430F9E02BBC4BF700C92A14 /* Assets.xcassets */; };
		0430F9E42BBC4BF700C92A14 /* LaunchScreen.storyboard in Resources */ = {isa = PBXBuildFile; fileRef = 0430F9E22BBC4BF700C92A14 /* LaunchScreen.storyboard */; };
		0430F9EF2BBC4DD600C92A14 /* Auth+service.swift in Sources */ = {isa = PBXBuildFile; fileRef = 0430F9EE2BBC4DD600C92A14 /* Auth+service.swift */; };
		043C684C2BBD5AA500820C65 /* SwiftyKeychainKit in Frameworks */ = {isa = PBXBuildFile; productRef = 043C684B2BBD5AA500820C65 /* SwiftyKeychainKit */; };
		043C684E2BBD5B4300820C65 /* Keychain+service.swift in Sources */ = {isa = PBXBuildFile; fileRef = 043C684D2BBD5B4300820C65 /* Keychain+service.swift */; };
		043C68502BBD5FB900820C65 /* DateFormat.swift in Sources */ = {isa = PBXBuildFile; fileRef = 043C684F2BBD5FB900820C65 /* DateFormat.swift */; };
		04AD08F82BBC7ED300EBC20F /* LoginViewController.swift in Sources */ = {isa = PBXBuildFile; fileRef = 04AD08F72BBC7ED300EBC20F /* LoginViewController.swift */; };
		04AD08FB2BBC7F6200EBC20F /* UITextField+ext.swift in Sources */ = {isa = PBXBuildFile; fileRef = 04AD08FA2BBC7F6200EBC20F /* UITextField+ext.swift */; };
		04AD08FE2BBC826800EBC20F /* KeyboardHelper.swift in Sources */ = {isa = PBXBuildFile; fileRef = 04AD08FD2BBC826800EBC20F /* KeyboardHelper.swift */; };
		04AD09002BBC829000EBC20F /* UIButton+ext.swift in Sources */ = {isa = PBXBuildFile; fileRef = 04AD08FF2BBC829000EBC20F /* UIButton+ext.swift */; };
		04AD09022BBC894700EBC20F /* UserDefaults.swift in Sources */ = {isa = PBXBuildFile; fileRef = 04AD09012BBC894700EBC20F /* UserDefaults.swift */; };
		04AD09042BBC8C4500EBC20F /* UINavigationController.swift in Sources */ = {isa = PBXBuildFile; fileRef = 04AD09032BBC8C4500EBC20F /* UINavigationController.swift */; };
/* End PBXBuildFile section */

/* Begin PBXFileReference section */
		040F35A22BBE9BD8004CBC97 /* Calendar+ext.swift */ = {isa = PBXFileReference; lastKnownFileType = sourcecode.swift; path = "Calendar+ext.swift"; sourceTree = "<group>"; };
		040F35A42BBEA584004CBC97 /* UINotificationCenter+service.swift */ = {isa = PBXFileReference; lastKnownFileType = sourcecode.swift; path = "UINotificationCenter+service.swift"; sourceTree = "<group>"; };
		0430F9D42BBC4BF300C92A14 /* TMS-IOS-LESSON-33-HW.app */ = {isa = PBXFileReference; explicitFileType = wrapper.application; includeInIndex = 0; path = "TMS-IOS-LESSON-33-HW.app"; sourceTree = BUILT_PRODUCTS_DIR; };
		0430F9D72BBC4BF300C92A14 /* AppDelegate.swift */ = {isa = PBXFileReference; lastKnownFileType = sourcecode.swift; path = AppDelegate.swift; sourceTree = "<group>"; };
		0430F9D92BBC4BF300C92A14 /* SceneDelegate.swift */ = {isa = PBXFileReference; lastKnownFileType = sourcecode.swift; path = SceneDelegate.swift; sourceTree = "<group>"; };
		0430F9DB2BBC4BF300C92A14 /* MainViewController.swift */ = {isa = PBXFileReference; lastKnownFileType = sourcecode.swift; path = MainViewController.swift; sourceTree = "<group>"; };
		0430F9E02BBC4BF700C92A14 /* Assets.xcassets */ = {isa = PBXFileReference; lastKnownFileType = folder.assetcatalog; path = Assets.xcassets; sourceTree = "<group>"; };
		0430F9E32BBC4BF700C92A14 /* Base */ = {isa = PBXFileReference; lastKnownFileType = file.storyboard; name = Base; path = Base.lproj/LaunchScreen.storyboard; sourceTree = "<group>"; };
		0430F9E52BBC4BF700C92A14 /* Info.plist */ = {isa = PBXFileReference; lastKnownFileType = text.plist.xml; path = Info.plist; sourceTree = "<group>"; };
		0430F9EE2BBC4DD600C92A14 /* Auth+service.swift */ = {isa = PBXFileReference; lastKnownFileType = sourcecode.swift; path = "Auth+service.swift"; sourceTree = "<group>"; };
		043C684D2BBD5B4300820C65 /* Keychain+service.swift */ = {isa = PBXFileReference; lastKnownFileType = sourcecode.swift; path = "Keychain+service.swift"; sourceTree = "<group>"; };
		043C684F2BBD5FB900820C65 /* DateFormat.swift */ = {isa = PBXFileReference; lastKnownFileType = sourcecode.swift; path = DateFormat.swift; sourceTree = "<group>"; };
		04AD08F72BBC7ED300EBC20F /* LoginViewController.swift */ = {isa = PBXFileReference; lastKnownFileType = sourcecode.swift; path = LoginViewController.swift; sourceTree = "<group>"; };
		04AD08FA2BBC7F6200EBC20F /* UITextField+ext.swift */ = {isa = PBXFileReference; lastKnownFileType = sourcecode.swift; path = "UITextField+ext.swift"; sourceTree = "<group>"; };
		04AD08FD2BBC826800EBC20F /* KeyboardHelper.swift */ = {isa = PBXFileReference; lastKnownFileType = sourcecode.swift; path = KeyboardHelper.swift; sourceTree = "<group>"; };
		04AD08FF2BBC829000EBC20F /* UIButton+ext.swift */ = {isa = PBXFileReference; lastKnownFileType = sourcecode.swift; path = "UIButton+ext.swift"; sourceTree = "<group>"; };
		04AD09012BBC894700EBC20F /* UserDefaults.swift */ = {isa = PBXFileReference; lastKnownFileType = sourcecode.swift; path = UserDefaults.swift; sourceTree = "<group>"; };
		04AD09032BBC8C4500EBC20F /* UINavigationController.swift */ = {isa = PBXFileReference; lastKnownFileType = sourcecode.swift; path = UINavigationController.swift; sourceTree = "<group>"; };
/* End PBXFileReference section */

/* Begin PBXFrameworksBuildPhase section */
		0430F9D12BBC4BF300C92A14 /* Frameworks */ = {
			isa = PBXFrameworksBuildPhase;
			buildActionMask = 2147483647;
			files = (
				043C684C2BBD5AA500820C65 /* SwiftyKeychainKit in Frameworks */,
			);
			runOnlyForDeploymentPostprocessing = 0;
		};
/* End PBXFrameworksBuildPhase section */

/* Begin PBXGroup section */
		0430F9CB2BBC4BF300C92A14 = {
			isa = PBXGroup;
			children = (
				0430F9D62BBC4BF300C92A14 /* TMS-IOS-LESSON-33-HW */,
				0430F9D52BBC4BF300C92A14 /* Products */,
			);
			sourceTree = "<group>";
		};
		0430F9D52BBC4BF300C92A14 /* Products */ = {
			isa = PBXGroup;
			children = (
				0430F9D42BBC4BF300C92A14 /* TMS-IOS-LESSON-33-HW.app */,
			);
			name = Products;
			sourceTree = "<group>";
		};
		0430F9D62BBC4BF300C92A14 /* TMS-IOS-LESSON-33-HW */ = {
			isa = PBXGroup;
			children = (
				04AD08FC2BBC825400EBC20F /* Utils */,
				04AD08F92BBC7F5000EBC20F /* Extensions */,
				0430F9ED2BBC4DBB00C92A14 /* Services */,
				0430F9EC2BBC4D6B00C92A14 /* Views */,
				0430F9EB2BBC4D3000C92A14 /* Resourses */,
			);
			path = "TMS-IOS-LESSON-33-HW";
			sourceTree = "<group>";
		};
		0430F9EB2BBC4D3000C92A14 /* Resourses */ = {
			isa = PBXGroup;
			children = (
				0430F9E02BBC4BF700C92A14 /* Assets.xcassets */,
				0430F9E52BBC4BF700C92A14 /* Info.plist */,
				0430F9E22BBC4BF700C92A14 /* LaunchScreen.storyboard */,
				0430F9D92BBC4BF300C92A14 /* SceneDelegate.swift */,
				0430F9D72BBC4BF300C92A14 /* AppDelegate.swift */,
			);
			path = Resourses;
			sourceTree = "<group>";
		};
		0430F9EC2BBC4D6B00C92A14 /* Views */ = {
			isa = PBXGroup;
			children = (
				0430F9DB2BBC4BF300C92A14 /* MainViewController.swift */,
				04AD08F72BBC7ED300EBC20F /* LoginViewController.swift */,
			);
			path = Views;
			sourceTree = "<group>";
		};
		0430F9ED2BBC4DBB00C92A14 /* Services */ = {
			isa = PBXGroup;
			children = (
				0430F9EE2BBC4DD600C92A14 /* Auth+service.swift */,
				043C684D2BBD5B4300820C65 /* Keychain+service.swift */,
				040F35A42BBEA584004CBC97 /* UINotificationCenter+service.swift */,
			);
			path = Services;
			sourceTree = "<group>";
		};
		04AD08F92BBC7F5000EBC20F /* Extensions */ = {
			isa = PBXGroup;
			children = (
				040F35A22BBE9BD8004CBC97 /* Calendar+ext.swift */,
				04AD08FA2BBC7F6200EBC20F /* UITextField+ext.swift */,
				04AD09032BBC8C4500EBC20F /* UINavigationController.swift */,
				04AD08FF2BBC829000EBC20F /* UIButton+ext.swift */,
			);
			path = Extensions;
			sourceTree = "<group>";
		};
		04AD08FC2BBC825400EBC20F /* Utils */ = {
			isa = PBXGroup;
			children = (
				04AD09012BBC894700EBC20F /* UserDefaults.swift */,
				04AD08FD2BBC826800EBC20F /* KeyboardHelper.swift */,
				043C684F2BBD5FB900820C65 /* DateFormat.swift */,
			);
			path = Utils;
			sourceTree = "<group>";
		};
/* End PBXGroup section */

/* Begin PBXNativeTarget section */
		0430F9D32BBC4BF300C92A14 /* TMS-IOS-LESSON-33-HW */ = {
			isa = PBXNativeTarget;
			buildConfigurationList = 0430F9E82BBC4BF700C92A14 /* Build configuration list for PBXNativeTarget "TMS-IOS-LESSON-33-HW" */;
			buildPhases = (
				0430F9D02BBC4BF300C92A14 /* Sources */,
				0430F9D12BBC4BF300C92A14 /* Frameworks */,
				0430F9D22BBC4BF300C92A14 /* Resources */,
			);
			buildRules = (
			);
			dependencies = (
			);
			name = "TMS-IOS-LESSON-33-HW";
			packageProductDependencies = (
				043C684B2BBD5AA500820C65 /* SwiftyKeychainKit */,
			);
			productName = "TMS-IOS-LESSON-33-HW";
			productReference = 0430F9D42BBC4BF300C92A14 /* TMS-IOS-LESSON-33-HW.app */;
			productType = "com.apple.product-type.application";
		};
/* End PBXNativeTarget section */

/* Begin PBXProject section */
		0430F9CC2BBC4BF300C92A14 /* Project object */ = {
			isa = PBXProject;
			attributes = {
				BuildIndependentTargetsInParallel = 1;
				LastSwiftUpdateCheck = 1500;
				LastUpgradeCheck = 1500;
				TargetAttributes = {
					0430F9D32BBC4BF300C92A14 = {
						CreatedOnToolsVersion = 15.0.1;
					};
				};
			};
			buildConfigurationList = 0430F9CF2BBC4BF300C92A14 /* Build configuration list for PBXProject "TMS-IOS-LESSON-33-HW" */;
			compatibilityVersion = "Xcode 14.0";
			developmentRegion = en;
			hasScannedForEncodings = 0;
			knownRegions = (
				en,
				Base,
			);
			mainGroup = 0430F9CB2BBC4BF300C92A14;
			packageReferences = (
				043C684A2BBD5AA500820C65 /* XCRemoteSwiftPackageReference "SwiftyKeychainKit" */,
			);
			productRefGroup = 0430F9D52BBC4BF300C92A14 /* Products */;
			projectDirPath = "";
			projectRoot = "";
			targets = (
				0430F9D32BBC4BF300C92A14 /* TMS-IOS-LESSON-33-HW */,
			);
		};
/* End PBXProject section */

/* Begin PBXResourcesBuildPhase section */
		0430F9D22BBC4BF300C92A14 /* Resources */ = {
			isa = PBXResourcesBuildPhase;
			buildActionMask = 2147483647;
			files = (
				0430F9E42BBC4BF700C92A14 /* LaunchScreen.storyboard in Resources */,
				0430F9E12BBC4BF700C92A14 /* Assets.xcassets in Resources */,
			);
			runOnlyForDeploymentPostprocessing = 0;
		};
/* End PBXResourcesBuildPhase section */

/* Begin PBXSourcesBuildPhase section */
		0430F9D02BBC4BF300C92A14 /* Sources */ = {
			isa = PBXSourcesBuildPhase;
			buildActionMask = 2147483647;
			files = (
				043C68502BBD5FB900820C65 /* DateFormat.swift in Sources */,
				0430F9DC2BBC4BF300C92A14 /* MainViewController.swift in Sources */,
				04AD09042BBC8C4500EBC20F /* UINavigationController.swift in Sources */,
				0430F9D82BBC4BF300C92A14 /* AppDelegate.swift in Sources */,
				04AD08FE2BBC826800EBC20F /* KeyboardHelper.swift in Sources */,
				040F35A52BBEA584004CBC97 /* UINotificationCenter+service.swift in Sources */,
				043C684E2BBD5B4300820C65 /* Keychain+service.swift in Sources */,
				040F35A32BBE9BD8004CBC97 /* Calendar+ext.swift in Sources */,
				04AD09002BBC829000EBC20F /* UIButton+ext.swift in Sources */,
				0430F9DA2BBC4BF300C92A14 /* SceneDelegate.swift in Sources */,
				04AD09022BBC894700EBC20F /* UserDefaults.swift in Sources */,
				0430F9EF2BBC4DD600C92A14 /* Auth+service.swift in Sources */,
				04AD08F82BBC7ED300EBC20F /* LoginViewController.swift in Sources */,
				04AD08FB2BBC7F6200EBC20F /* UITextField+ext.swift in Sources */,
			);
			runOnlyForDeploymentPostprocessing = 0;
		};
/* End PBXSourcesBuildPhase section */

/* Begin PBXVariantGroup section */
		0430F9E22BBC4BF700C92A14 /* LaunchScreen.storyboard */ = {
			isa = PBXVariantGroup;
			children = (
				0430F9E32BBC4BF700C92A14 /* Base */,
			);
			name = LaunchScreen.storyboard;
			sourceTree = "<group>";
		};
/* End PBXVariantGroup section */

/* Begin XCBuildConfiguration section */
		0430F9E62BBC4BF700C92A14 /* Debug */ = {
			isa = XCBuildConfiguration;
			buildSettings = {
				ALWAYS_SEARCH_USER_PATHS = NO;
				ASSETCATALOG_COMPILER_GENERATE_SWIFT_ASSET_SYMBOL_EXTENSIONS = YES;
				CLANG_ANALYZER_NONNULL = YES;
				CLANG_ANALYZER_NUMBER_OBJECT_CONVERSION = YES_AGGRESSIVE;
				CLANG_CXX_LANGUAGE_STANDARD = "gnu++20";
				CLANG_ENABLE_MODULES = YES;
				CLANG_ENABLE_OBJC_ARC = YES;
				CLANG_ENABLE_OBJC_WEAK = YES;
				CLANG_WARN_BLOCK_CAPTURE_AUTORELEASING = YES;
				CLANG_WARN_BOOL_CONVERSION = YES;
				CLANG_WARN_COMMA = YES;
				CLANG_WARN_CONSTANT_CONVERSION = YES;
				CLANG_WARN_DEPRECATED_OBJC_IMPLEMENTATIONS = YES;
				CLANG_WARN_DIRECT_OBJC_ISA_USAGE = YES_ERROR;
				CLANG_WARN_DOCUMENTATION_COMMENTS = YES;
				CLANG_WARN_EMPTY_BODY = YES;
				CLANG_WARN_ENUM_CONVERSION = YES;
				CLANG_WARN_INFINITE_RECURSION = YES;
				CLANG_WARN_INT_CONVERSION = YES;
				CLANG_WARN_NON_LITERAL_NULL_CONVERSION = YES;
				CLANG_WARN_OBJC_IMPLICIT_RETAIN_SELF = YES;
				CLANG_WARN_OBJC_LITERAL_CONVERSION = YES;
				CLANG_WARN_OBJC_ROOT_CLASS = YES_ERROR;
				CLANG_WARN_QUOTED_INCLUDE_IN_FRAMEWORK_HEADER = YES;
				CLANG_WARN_RANGE_LOOP_ANALYSIS = YES;
				CLANG_WARN_STRICT_PROTOTYPES = YES;
				CLANG_WARN_SUSPICIOUS_MOVE = YES;
				CLANG_WARN_UNGUARDED_AVAILABILITY = YES_AGGRESSIVE;
				CLANG_WARN_UNREACHABLE_CODE = YES;
				CLANG_WARN__DUPLICATE_METHOD_MATCH = YES;
				COPY_PHASE_STRIP = NO;
				DEBUG_INFORMATION_FORMAT = dwarf;
				ENABLE_STRICT_OBJC_MSGSEND = YES;
				ENABLE_TESTABILITY = YES;
				ENABLE_USER_SCRIPT_SANDBOXING = YES;
				GCC_C_LANGUAGE_STANDARD = gnu17;
				GCC_DYNAMIC_NO_PIC = NO;
				GCC_NO_COMMON_BLOCKS = YES;
				GCC_OPTIMIZATION_LEVEL = 0;
				GCC_PREPROCESSOR_DEFINITIONS = (
					"DEBUG=1",
					"$(inherited)",
				);
				GCC_WARN_64_TO_32_BIT_CONVERSION = YES;
				GCC_WARN_ABOUT_RETURN_TYPE = YES_ERROR;
				GCC_WARN_UNDECLARED_SELECTOR = YES;
				GCC_WARN_UNINITIALIZED_AUTOS = YES_AGGRESSIVE;
				GCC_WARN_UNUSED_FUNCTION = YES;
				GCC_WARN_UNUSED_VARIABLE = YES;
				IPHONEOS_DEPLOYMENT_TARGET = 17.0;
				LOCALIZATION_PREFERS_STRING_CATALOGS = YES;
				MTL_ENABLE_DEBUG_INFO = INCLUDE_SOURCE;
				MTL_FAST_MATH = YES;
				ONLY_ACTIVE_ARCH = YES;
				SDKROOT = iphoneos;
				SWIFT_ACTIVE_COMPILATION_CONDITIONS = "DEBUG $(inherited)";
				SWIFT_OPTIMIZATION_LEVEL = "-Onone";
			};
			name = Debug;
		};
		0430F9E72BBC4BF700C92A14 /* Release */ = {
			isa = XCBuildConfiguration;
			buildSettings = {
				ALWAYS_SEARCH_USER_PATHS = NO;
				ASSETCATALOG_COMPILER_GENERATE_SWIFT_ASSET_SYMBOL_EXTENSIONS = YES;
				CLANG_ANALYZER_NONNULL = YES;
				CLANG_ANALYZER_NUMBER_OBJECT_CONVERSION = YES_AGGRESSIVE;
				CLANG_CXX_LANGUAGE_STANDARD = "gnu++20";
				CLANG_ENABLE_MODULES = YES;
				CLANG_ENABLE_OBJC_ARC = YES;
				CLANG_ENABLE_OBJC_WEAK = YES;
				CLANG_WARN_BLOCK_CAPTURE_AUTORELEASING = YES;
				CLANG_WARN_BOOL_CONVERSION = YES;
				CLANG_WARN_COMMA = YES;
				CLANG_WARN_CONSTANT_CONVERSION = YES;
				CLANG_WARN_DEPRECATED_OBJC_IMPLEMENTATIONS = YES;
				CLANG_WARN_DIRECT_OBJC_ISA_USAGE = YES_ERROR;
				CLANG_WARN_DOCUMENTATION_COMMENTS = YES;
				CLANG_WARN_EMPTY_BODY = YES;
				CLANG_WARN_ENUM_CONVERSION = YES;
				CLANG_WARN_INFINITE_RECURSION = YES;
				CLANG_WARN_INT_CONVERSION = YES;
				CLANG_WARN_NON_LITERAL_NULL_CONVERSION = YES;
				CLANG_WARN_OBJC_IMPLICIT_RETAIN_SELF = YES;
				CLANG_WARN_OBJC_LITERAL_CONVERSION = YES;
				CLANG_WARN_OBJC_ROOT_CLASS = YES_ERROR;
				CLANG_WARN_QUOTED_INCLUDE_IN_FRAMEWORK_HEADER = YES;
				CLANG_WARN_RANGE_LOOP_ANALYSIS = YES;
				CLANG_WARN_STRICT_PROTOTYPES = YES;
				CLANG_WARN_SUSPICIOUS_MOVE = YES;
				CLANG_WARN_UNGUARDED_AVAILABILITY = YES_AGGRESSIVE;
				CLANG_WARN_UNREACHABLE_CODE = YES;
				CLANG_WARN__DUPLICATE_METHOD_MATCH = YES;
				COPY_PHASE_STRIP = NO;
				DEBUG_INFORMATION_FORMAT = "dwarf-with-dsym";
				ENABLE_NS_ASSERTIONS = NO;
				ENABLE_STRICT_OBJC_MSGSEND = YES;
				ENABLE_USER_SCRIPT_SANDBOXING = YES;
				GCC_C_LANGUAGE_STANDARD = gnu17;
				GCC_NO_COMMON_BLOCKS = YES;
				GCC_WARN_64_TO_32_BIT_CONVERSION = YES;
				GCC_WARN_ABOUT_RETURN_TYPE = YES_ERROR;
				GCC_WARN_UNDECLARED_SELECTOR = YES;
				GCC_WARN_UNINITIALIZED_AUTOS = YES_AGGRESSIVE;
				GCC_WARN_UNUSED_FUNCTION = YES;
				GCC_WARN_UNUSED_VARIABLE = YES;
				IPHONEOS_DEPLOYMENT_TARGET = 17.0;
				LOCALIZATION_PREFERS_STRING_CATALOGS = YES;
				MTL_ENABLE_DEBUG_INFO = NO;
				MTL_FAST_MATH = YES;
				SDKROOT = iphoneos;
				SWIFT_COMPILATION_MODE = wholemodule;
				VALIDATE_PRODUCT = YES;
			};
			name = Release;
		};
		0430F9E92BBC4BF700C92A14 /* Debug */ = {
			isa = XCBuildConfiguration;
			buildSettings = {
				ASSETCATALOG_COMPILER_APPICON_NAME = AppIcon;
				ASSETCATALOG_COMPILER_GLOBAL_ACCENT_COLOR_NAME = AccentColor;
				CODE_SIGN_STYLE = Automatic;
				CURRENT_PROJECT_VERSION = 1;
				DEVELOPMENT_TEAM = N3LRJV66ML;
				GENERATE_INFOPLIST_FILE = YES;
				INFOPLIST_FILE = "TMS-IOS-LESSON-33-HW/Resourses/Info.plist";
				INFOPLIST_KEY_UIApplicationSupportsIndirectInputEvents = YES;
				INFOPLIST_KEY_UILaunchStoryboardName = LaunchScreen;
				INFOPLIST_KEY_UISupportedInterfaceOrientations_iPad = "UIInterfaceOrientationPortrait UIInterfaceOrientationPortraitUpsideDown UIInterfaceOrientationLandscapeLeft UIInterfaceOrientationLandscapeRight";
				INFOPLIST_KEY_UISupportedInterfaceOrientations_iPhone = "UIInterfaceOrientationPortrait UIInterfaceOrientationLandscapeLeft UIInterfaceOrientationLandscapeRight";
				LD_RUNPATH_SEARCH_PATHS = (
					"$(inherited)",
					"@executable_path/Frameworks",
				);
				MARKETING_VERSION = 1.0;
				PRODUCT_BUNDLE_IDENTIFIER = "anton.kurdo.TMS-IOS-LESSON-33-HW";
				PRODUCT_NAME = "$(TARGET_NAME)";
				SWIFT_EMIT_LOC_STRINGS = YES;
				SWIFT_VERSION = 5.0;
				TARGETED_DEVICE_FAMILY = "1,2";
			};
			name = Debug;
		};
		0430F9EA2BBC4BF700C92A14 /* Release */ = {
			isa = XCBuildConfiguration;
			buildSettings = {
				ASSETCATALOG_COMPILER_APPICON_NAME = AppIcon;
				ASSETCATALOG_COMPILER_GLOBAL_ACCENT_COLOR_NAME = AccentColor;
				CODE_SIGN_STYLE = Automatic;
				CURRENT_PROJECT_VERSION = 1;
				DEVELOPMENT_TEAM = N3LRJV66ML;
				GENERATE_INFOPLIST_FILE = YES;
				INFOPLIST_FILE = "TMS-IOS-LESSON-33-HW/Resourses/Info.plist";
				INFOPLIST_KEY_UIApplicationSupportsIndirectInputEvents = YES;
				INFOPLIST_KEY_UILaunchStoryboardName = LaunchScreen;
				INFOPLIST_KEY_UISupportedInterfaceOrientations_iPad = "UIInterfaceOrientationPortrait UIInterfaceOrientationPortraitUpsideDown UIInterfaceOrientationLandscapeLeft UIInterfaceOrientationLandscapeRight";
				INFOPLIST_KEY_UISupportedInterfaceOrientations_iPhone = "UIInterfaceOrientationPortrait UIInterfaceOrientationLandscapeLeft UIInterfaceOrientationLandscapeRight";
				LD_RUNPATH_SEARCH_PATHS = (
					"$(inherited)",
					"@executable_path/Frameworks",
				);
				MARKETING_VERSION = 1.0;
				PRODUCT_BUNDLE_IDENTIFIER = "anton.kurdo.TMS-IOS-LESSON-33-HW";
				PRODUCT_NAME = "$(TARGET_NAME)";
				SWIFT_EMIT_LOC_STRINGS = YES;
				SWIFT_VERSION = 5.0;
				TARGETED_DEVICE_FAMILY = "1,2";
			};
			name = Release;
		};
/* End XCBuildConfiguration section */

/* Begin XCConfigurationList section */
		0430F9CF2BBC4BF300C92A14 /* Build configuration list for PBXProject "TMS-IOS-LESSON-33-HW" */ = {
			isa = XCConfigurationList;
			buildConfigurations = (
				0430F9E62BBC4BF700C92A14 /* Debug */,
				0430F9E72BBC4BF700C92A14 /* Release */,
			);
			defaultConfigurationIsVisible = 0;
			defaultConfigurationName = Release;
		};
		0430F9E82BBC4BF700C92A14 /* Build configuration list for PBXNativeTarget "TMS-IOS-LESSON-33-HW" */ = {
			isa = XCConfigurationList;
			buildConfigurations = (
				0430F9E92BBC4BF700C92A14 /* Debug */,
				0430F9EA2BBC4BF700C92A14 /* Release */,
			);
			defaultConfigurationIsVisible = 0;
			defaultConfigurationName = Release;
		};
/* End XCConfigurationList section */

/* Begin XCRemoteSwiftPackageReference section */
		043C684A2BBD5AA500820C65 /* XCRemoteSwiftPackageReference "SwiftyKeychainKit" */ = {
			isa = XCRemoteSwiftPackageReference;
			repositoryURL = "https://github.com/andriyslyusar/SwiftyKeychainKit";
			requirement = {
				branch = master;
				kind = branch;
			};
		};
/* End XCRemoteSwiftPackageReference section */

/* Begin XCSwiftPackageProductDependency section */
		043C684B2BBD5AA500820C65 /* SwiftyKeychainKit */ = {
			isa = XCSwiftPackageProductDependency;
			package = 043C684A2BBD5AA500820C65 /* XCRemoteSwiftPackageReference "SwiftyKeychainKit" */;
			productName = SwiftyKeychainKit;
		};
/* End XCSwiftPackageProductDependency section */
	};
	rootObject = 0430F9CC2BBC4BF300C92A14 /* Project object */;
}
